
Microsoft Visual Studio Solution File, Format Version 12.00
# Visual Studio Version 17
VisualStudioVersion = 17.8.34511.84
MinimumVisualStudioVersion = 10.0.40219.1
Project("{9A19103F-16F7-4668-BE54-9A1E7A4F7556}") = "Ap01", "Ap01\Ap01.csproj", "{1C9CB41B-420B-4901-B1F9-3759152AEE9F}"
EndProject
Project("{9A19103F-16F7-4668-BE54-9A1E7A4F7556}") = "Ap02", "Ap02\Ap02.csproj", "{708503A2-880E-45C1-A2FC-727999653802}"
EndProject
Project("{9A19103F-16F7-4668-BE54-9A1E7A4F7556}") = "Ap03", "Ap03\Ap03.csproj", "{F821092D-858B-4F0B-9B12-F01D75992FF1}"
EndProject
Project("{9A19103F-16F7-4668-BE54-9A1E7A4F7556}") = "Ap04", "Ap04\Ap04.csproj", "{09854D1E-E383-4F4F-978A-ECFD8F758D00}"
EndProject
Project("{9A19103F-16F7-4668-BE54-9A1E7A4F7556}") = "Ap05", "Ap05\Ap05.csproj", "{87276A22-E68F-4391-81CE-9FF7C579F87F}"
EndProject
Project("{9A19103F-16F7-4668-BE54-9A1E7A4F7556}") = "Ap06", "Ap06\Ap06.csproj", "{07A61EF7-B414-4675-B98F-89C7CD24A08A}"
EndProject
Project("{9A19103F-16F7-4668-BE54-9A1E7A4F7556}") = "Ap07", "Ap07\Ap07.csproj", "{B4ED2839-D15A-4201-B1FD-12C5DCDC0C92}"
EndProject
Project("{9A19103F-16F7-4668-BE54-9A1E7A4F7556}") = "Ap08", "Ap08\Ap08.csproj", "{336B0BAE-0202-4B06-84A5-52C93B42C128}"
EndProject
Project("{9A19103F-16F7-4668-BE54-9A1E7A4F7556}") = "Ap09", "Ap09\Ap09.csproj", "{7DCAE90D-B797-4E56-9F24-F1599ABE1FFF}"
EndProject
Project("{9A19103F-16F7-4668-BE54-9A1E7A4F7556}") = "Ap10", "Ap10\Ap10.csproj", "{F8A7317F-7774-4661-BB31-707F86784338}"
EndProject
Project("{9A19103F-16F7-4668-BE54-9A1E7A4F7556}") = "Ap11", "Ap11\Ap11.csproj", "{AD014E7D-65D0-401F-AA98-E597D160A82C}"
EndProject
Project("{9A19103F-16F7-4668-BE54-9A1E7A4F7556}") = "Ap12", "Ap12\Ap12.csproj", "{65304026-CE20-421C-A35E-6276E3BE9AAE}"
EndProject
Project("{FAE04EC0-301F-11D3-BF4B-00C04F79EFBC}") = "Ap13", "Ap13\Ap13.csproj", "{FB354A42-08CC-4C2E-925B-ECEEBA0078ED}"
EndProject
Global
	GlobalSection(SolutionConfigurationPlatforms) = preSolution
		Debug|Any CPU = Debug|Any CPU
		Release|Any CPU = Release|Any CPU
	EndGlobalSection
	GlobalSection(ProjectConfigurationPlatforms) = postSolution
		{1C9CB41B-420B-4901-B1F9-3759152AEE9F}.Debug|Any CPU.ActiveCfg = Debug|Any CPU
		{1C9CB41B-420B-4901-B1F9-3759152AEE9F}.Debug|Any CPU.Build.0 = Debug|Any CPU
		{1C9CB41B-420B-4901-B1F9-3759152AEE9F}.Release|Any CPU.ActiveCfg = Release|Any CPU
		{1C9CB41B-420B-4901-B1F9-3759152AEE9F}.Release|Any CPU.Build.0 = Release|Any CPU
		{708503A2-880E-45C1-A2FC-727999653802}.Debug|Any CPU.ActiveCfg = Debug|Any CPU
		{708503A2-880E-45C1-A2FC-727999653802}.Debug|Any CPU.Build.0 = Debug|Any CPU
		{708503A2-880E-45C1-A2FC-727999653802}.Release|Any CPU.ActiveCfg = Release|Any CPU
		{708503A2-880E-45C1-A2FC-727999653802}.Release|Any CPU.Build.0 = Release|Any CPU
		{F821092D-858B-4F0B-9B12-F01D75992FF1}.Debug|Any CPU.ActiveCfg = Debug|Any CPU
		{F821092D-858B-4F0B-9B12-F01D75992FF1}.Debug|Any CPU.Build.0 = Debug|Any CPU
		{F821092D-858B-4F0B-9B12-F01D75992FF1}.Release|Any CPU.ActiveCfg = Release|Any CPU
		{F821092D-858B-4F0B-9B12-F01D75992FF1}.Release|Any CPU.Build.0 = Release|Any CPU
		{09854D1E-E383-4F4F-978A-ECFD8F758D00}.Debug|Any CPU.ActiveCfg = Debug|Any CPU
		{09854D1E-E383-4F4F-978A-ECFD8F758D00}.Debug|Any CPU.Build.0 = Debug|Any CPU
		{09854D1E-E383-4F4F-978A-ECFD8F758D00}.Release|Any CPU.ActiveCfg = Release|Any CPU
		{09854D1E-E383-4F4F-978A-ECFD8F758D00}.Release|Any CPU.Build.0 = Release|Any CPU
		{87276A22-E68F-4391-81CE-9FF7C579F87F}.Debug|Any CPU.ActiveCfg = Debug|Any CPU
		{87276A22-E68F-4391-81CE-9FF7C579F87F}.Debug|Any CPU.Build.0 = Debug|Any CPU
		{87276A22-E68F-4391-81CE-9FF7C579F87F}.Release|Any CPU.ActiveCfg = Release|Any CPU
		{87276A22-E68F-4391-81CE-9FF7C579F87F}.Release|Any CPU.Build.0 = Release|Any CPU
		{07A61EF7-B414-4675-B98F-89C7CD24A08A}.Debug|Any CPU.ActiveCfg = Debug|Any CPU
		{07A61EF7-B414-4675-B98F-89C7CD24A08A}.Debug|Any CPU.Build.0 = Debug|Any CPU
		{07A61EF7-B414-4675-B98F-89C7CD24A08A}.Release|Any CPU.ActiveCfg = Release|Any CPU
		{07A61EF7-B414-4675-B98F-89C7CD24A08A}.Release|Any CPU.Build.0 = Release|Any CPU
		{B4ED2839-D15A-4201-B1FD-12C5DCDC0C92}.Debug|Any CPU.ActiveCfg = Debug|Any CPU
		{B4ED2839-D15A-4201-B1FD-12C5DCDC0C92}.Debug|Any CPU.Build.0 = Debug|Any CPU
		{B4ED2839-D15A-4201-B1FD-12C5DCDC0C92}.Release|Any CPU.ActiveCfg = Release|Any CPU
		{B4ED2839-D15A-4201-B1FD-12C5DCDC0C92}.Release|Any CPU.Build.0 = Release|Any CPU
		{336B0BAE-0202-4B06-84A5-52C93B42C128}.Debug|Any CPU.ActiveCfg = Debug|Any CPU
		{336B0BAE-0202-4B06-84A5-52C93B42C128}.Debug|Any CPU.Build.0 = Debug|Any CPU
		{336B0BAE-0202-4B06-84A5-52C93B42C128}.Release|Any CPU.ActiveCfg = Release|Any CPU
		{336B0BAE-0202-4B06-84A5-52C93B42C128}.Release|Any CPU.Build.0 = Release|Any CPU
		{7DCAE90D-B797-4E56-9F24-F1599ABE1FFF}.Debug|Any CPU.ActiveCfg = Debug|Any CPU
		{7DCAE90D-B797-4E56-9F24-F1599ABE1FFF}.Debug|Any CPU.Build.0 = Debug|Any CPU
		{7DCAE90D-B797-4E56-9F24-F1599ABE1FFF}.Release|Any CPU.ActiveCfg = Release|Any CPU
		{7DCAE90D-B797-4E56-9F24-F1599ABE1FFF}.Release|Any CPU.Build.0 = Release|Any CPU
		{F8A7317F-7774-4661-BB31-707F86784338}.Debug|Any CPU.ActiveCfg = Debug|Any CPU
		{F8A7317F-7774-4661-BB31-707F86784338}.Debug|Any CPU.Build.0 = Debug|Any CPU
		{F8A7317F-7774-4661-BB31-707F86784338}.Release|Any CPU.ActiveCfg = Release|Any CPU
		{F8A7317F-7774-4661-BB31-707F86784338}.Release|Any CPU.Build.0 = Release|Any CPU
		{AD014E7D-65D0-401F-AA98-E597D160A82C}.Debug|Any CPU.ActiveCfg = Debug|Any CPU
		{AD014E7D-65D0-401F-AA98-E597D160A82C}.Debug|Any CPU.Build.0 = Debug|Any CPU
		{AD014E7D-65D0-401F-AA98-E597D160A82C}.Release|Any CPU.ActiveCfg = Release|Any CPU
		{AD014E7D-65D0-401F-AA98-E597D160A82C}.Release|Any CPU.Build.0 = Release|Any CPU
		{65304026-CE20-421C-A35E-6276E3BE9AAE}.Debug|Any CPU.ActiveCfg = Debug|Any CPU
		{65304026-CE20-421C-A35E-6276E3BE9AAE}.Debug|Any CPU.Build.0 = Debug|Any CPU
		{65304026-CE20-421C-A35E-6276E3BE9AAE}.Release|Any CPU.ActiveCfg = Release|Any CPU
		{65304026-CE20-421C-A35E-6276E3BE9AAE}.Release|Any CPU.Build.0 = Release|Any CPU
		{FB354A42-08CC-4C2E-925B-ECEEBA0078ED}.Debug|Any CPU.ActiveCfg = Debug|Any CPU
		{FB354A42-08CC-4C2E-925B-ECEEBA0078ED}.Debug|Any CPU.Build.0 = Debug|Any CPU
		{FB354A42-08CC-4C2E-925B-ECEEBA0078ED}.Release|Any CPU.ActiveCfg = Release|Any CPU
		{FB354A42-08CC-4C2E-925B-ECEEBA0078ED}.Release|Any CPU.Build.0 = Release|Any CPU
	EndGlobalSection
	GlobalSection(SolutionProperties) = preSolution
		HideSolutionNode = FALSE
	EndGlobalSection
	GlobalSection(ExtensibilityGlobals) = postSolution
		SolutionGuid = {54F0BFA3-FEBC-4AA0-8E42-FD453F701CA4}
	EndGlobalSection
EndGlobal
